version: 2.0
shards:
  ameba:
    git: https://github.com/crystal-ameba/ameba.git
    version: 1.5.0

  cron_parser:
    git: https://github.com/kostya/cron_parser.git
    version: 0.4.0

  db:
    git: https://github.com/crystal-lang/crystal-db.git
    version: 0.11.0

  future:
    git: https://github.com/crystal-community/future.cr.git
    version: 1.0.0

  http_proxy:
    git: https://github.com/mamantoha/http_proxy.git
    version: 0.10.1+git.commit.98ed90f82c02f2870e326b63974cb582f99ceddd

  sqlite3:
    git: https://github.com/crystal-lang/crystal-sqlite3.git
    version: 0.19.0

  tasker:
    git: https://github.com/spider-gazelle/tasker.git
    version: 2.1.4+git.commit.d64995112631c391f7924ab87e144210f5c565bf

  tourmaline:
    git: https://github.com/charibdys/tourmaline.git
    version: 0.29.0+git.commit.135148cf0e7f7ef99643689da3478b1ed3025cbb

